
Microsoft Visual Studio Solution File, Format Version 12.00
# Visual Studio 2013
VisualStudioVersion = 12.0.21005.1
MinimumVisualStudioVersion = 10.0.40219.1
Project("{FAE04EC0-301F-11D3-BF4B-00C04F79EFBC}") = "TransitLine.Web", "TransitLine.Web\TransitLine.Web.csproj", "{BCAB58DB-35F8-44DD-9EC3-6D14E164C313}"
EndProject
Project("{FAE04EC0-301F-11D3-BF4B-00C04F79EFBC}") = "TransitLine.Api", "TransitLine.Api\TransitLine.Api.csproj", "{7D98708D-541C-4216-8315-CE532DD21E15}"
EndProject
Project("{FAE04EC0-301F-11D3-BF4B-00C04F79EFBC}") = "TransitLine.Common", "TransitLine.Common\TransitLine.Common.csproj", "{782D9C4F-BCEF-4C4D-9258-DDB8B42C2986}"
EndProject
Global
	GlobalSection(SolutionConfigurationPlatforms) = preSolution
		Debug|Any CPU = Debug|Any CPU
		Release|Any CPU = Release|Any CPU
	EndGlobalSection
	GlobalSection(ProjectConfigurationPlatforms) = postSolution
		{BCAB58DB-35F8-44DD-9EC3-6D14E164C313}.Debug|Any CPU.ActiveCfg = Debug|Any CPU
		{BCAB58DB-35F8-44DD-9EC3-6D14E164C313}.Debug|Any CPU.Build.0 = Debug|Any CPU
		{BCAB58DB-35F8-44DD-9EC3-6D14E164C313}.Release|Any CPU.ActiveCfg = Release|Any CPU
		{BCAB58DB-35F8-44DD-9EC3-6D14E164C313}.Release|Any CPU.Build.0 = Release|Any CPU
		{7D98708D-541C-4216-8315-CE532DD21E15}.Debug|Any CPU.ActiveCfg = Debug|Any CPU
		{7D98708D-541C-4216-8315-CE532DD21E15}.Debug|Any CPU.Build.0 = Debug|Any CPU
		{7D98708D-541C-4216-8315-CE532DD21E15}.Release|Any CPU.ActiveCfg = Release|Any CPU
		{7D98708D-541C-4216-8315-CE532DD21E15}.Release|Any CPU.Build.0 = Release|Any CPU
		{782D9C4F-BCEF-4C4D-9258-DDB8B42C2986}.Debug|Any CPU.ActiveCfg = Debug|Any CPU
		{782D9C4F-BCEF-4C4D-9258-DDB8B42C2986}.Debug|Any CPU.Build.0 = Debug|Any CPU
		{782D9C4F-BCEF-4C4D-9258-DDB8B42C2986}.Release|Any CPU.ActiveCfg = Release|Any CPU
		{782D9C4F-BCEF-4C4D-9258-DDB8B42C2986}.Release|Any CPU.Build.0 = Release|Any CPU
	EndGlobalSection
	GlobalSection(SolutionProperties) = preSolution
		HideSolutionNode = FALSE
	EndGlobalSection
EndGlobal
